<?xml version="1.0" encoding="utf-8"?>
<Project ToolsVersion="4.0" xmlns="http://schemas.microsoft.com/developer/msbuild/2003">
  <ItemGroup>
    <Filter Include="src">
      <UniqueIdentifier>{20a42d34-9281-4f62-9694-c8114ab8e92f}</UniqueIdentifier>
    </Filter>
    <Filter Include="res">
      <UniqueIdentifier>{28dd17ac-16c6-49d6-8048-d9f0b93e4fb4}</UniqueIdentifier>
    </Filter>
    <Filter Include="DLLs">
      <UniqueIdentifier>{fac08fd9-4584-4b78-bd46-355d0c41a4d0}</UniqueIdentifier>
    </Filter>
    <Filter Include="DLLs\x64">
      <UniqueIdentifier>{8d81164a-c276-4f3c-aef5-c18aa1560ca9}</UniqueIdentifier>
    </Filter>
    <Filter Include="DLLs\x86">
      <UniqueIdentifier>{1a5f7dee-f1c8-4838-94d0-1d9e947b59c7}</UniqueIdentifier>
    </Filter>
    <Filter Include="src\rendering">
      <UniqueIdentifier>{2e5f2dd5-d0b9-4dff-94bc-974c51cb11ed}</UniqueIdentifier>
    </Filter>
    <Filter Include="src\gamedev">
      <UniqueIdentifier>{83bd80e0-93b6-4744-aa97-89e0765e79d2}</UniqueIdentifier>
    </Filter>
    <Filter Include="src\blackjack">
      <UniqueIdentifier>{004a498b-24f7-48ac-8129-d6ab566d2789}</UniqueIdentifier>
    </Filter>
  </ItemGroup>
  <ItemGroup>
    <ClCompile Include="src\main.cpp">
      <Filter>src</Filter>
    </ClCompile>
    <ClCompile Include="src\Image_Render.cpp">
      <Filter>src\rendering</Filter>
    </ClCompile>
    <ClCompile Include="src\Asset_Manager.cpp">
      <Filter>src\rendering</Filter>
    </ClCompile>
    <ClCompile Include="src\Spritesheet_Handler.cpp">
      <Filter>src\rendering</Filter>
    </ClCompile>
    <ClCompile Include="src\CollisionDetector.cpp">
      <Filter>src\gamedev</Filter>
    </ClCompile>
    <ClCompile Include="src\KeyboardHandler.cpp">
      <Filter>src\gamedev</Filter>
    </ClCompile>
    <ClCompile Include="src\SDL_Handler.cpp">
      <Filter>src\rendering</Filter>
    </ClCompile>
    <ClCompile Include="src\BlackjackAI.cpp">
      <Filter>src\blackjack</Filter>
    </ClCompile>
    <ClCompile Include="src\Blackjack.cpp">
      <Filter>src\blackjack</Filter>
    </ClCompile>
    <ClCompile Include="src\Card.cpp">
      <Filter>src\blackjack</Filter>
    </ClCompile>
    <ClCompile Include="src\Deck.cpp">
      <Filter>src\blackjack</Filter>
    </ClCompile>
    <ClCompile Include="src\Hand.cpp">
      <Filter>src\blackjack</Filter>
    </ClCompile>
    <ClCompile Include="src\MouseHandler.cpp">
      <Filter>src\gamedev</Filter>
    </ClCompile>
    <ClCompile Include="src\Text_Renderer.cpp">
      <Filter>src\rendering</Filter>
    </ClCompile>
  </ItemGroup>
  <ItemGroup>
    <ClInclude Include="src\Image_Render.h">
      <Filter>src\rendering</Filter>
    </ClInclude>
    <ClInclude Include="src\Asset_Manager.h">
      <Filter>src\rendering</Filter>
    </ClInclude>
    <ClInclude Include="src\Spritesheet_Handler.h">
      <Filter>src\rendering</Filter>
    </ClInclude>
    <ClInclude Include="src\CollisionDetector.h">
      <Filter>src\gamedev</Filter>
    </ClInclude>
    <ClInclude Include="src\KeyboardHandler.h">
      <Filter>src\gamedev</Filter>
    </ClInclude>
    <ClInclude Include="src\SDL_Handler.h">
      <Filter>src\rendering</Filter>
    </ClInclude>
    <ClInclude Include="src\BlackjackAI.h">
      <Filter>src\blackjack</Filter>
    </ClInclude>
    <ClInclude Include="src\Blackjack.h">
      <Filter>src\blackjack</Filter>
    </ClInclude>
    <ClInclude Include="src\Card.h">
      <Filter>src\blackjack</Filter>
    </ClInclude>
    <ClInclude Include="src\Deck.h">
      <Filter>src\blackjack</Filter>
    </ClInclude>
    <ClInclude Include="src\Hand.h">
      <Filter>src\blackjack</Filter>
    </ClInclude>
    <ClInclude Include="src\MouseHandler.h">
      <Filter>src\gamedev</Filter>
    </ClInclude>
    <ClInclude Include="src\Text_Renderer.h">
      <Filter>src\rendering</Filter>
    </ClInclude>
  </ItemGroup>
  <ItemGroup>
    <Image Include="res\playerSpriteSheet.png">
      <Filter>res</Filter>
    </Image>
  </ItemGroup>
  <ItemGroup>
    <CopyFileToFolders Include="..\includes\SDL2_image-2.6.3\lib\x86\optional\libtiff-5.dll">
      <Filter>DLLs\x86</Filter>
    </CopyFileToFolders>
    <CopyFileToFolders Include="..\includes\SDL2_image-2.6.3\lib\x86\optional\libwebp-7.dll">
      <Filter>DLLs\x86</Filter>
    </CopyFileToFolders>
    <CopyFileToFolders Include="..\includes\SDL2-2.28.1\lib\x86\SDL2.dll">
      <Filter>DLLs\x86</Filter>
    </CopyFileToFolders>
    <CopyFileToFolders Include="..\includes\SDL2_image-2.6.3\lib\x86\SDL2_image.dll">
      <Filter>DLLs\x86</Filter>
    </CopyFileToFolders>
    <CopyFileToFolders Include="..\includes\SDL2_image-2.6.3\lib\x64\optional\libtiff-5.dll">
      <Filter>DLLs\x64</Filter>
    </CopyFileToFolders>
    <CopyFileToFolders Include="..\includes\SDL2_image-2.6.3\lib\x64\optional\libwebp-7.dll">
      <Filter>DLLs\x64</Filter>
    </CopyFileToFolders>
    <CopyFileToFolders Include="..\includes\SDL2-2.28.1\lib\x64\SDL2.dll">
      <Filter>DLLs\x64</Filter>
    </CopyFileToFolders>
    <CopyFileToFolders Include="..\includes\SDL2_image-2.6.3\lib\x64\SDL2_image.dll">
      <Filter>DLLs\x64</Filter>
    </CopyFileToFolders>
    <CopyFileToFolders Include="..\includes\SDL2_ttf-2.22.0\lib\x64\SDL2_ttf.dll">
      <Filter>DLLs\x64</Filter>
    </CopyFileToFolders>
    <CopyFileToFolders Include="..\includes\SDL2_ttf-2.22.0\lib\x86\SDL2_ttf.dll">
      <Filter>DLLs\x86</Filter>
    </CopyFileToFolders>
  </ItemGroup>
</Project>